
Microsoft Visual Studio Solution File, Format Version 12.00
# Visual Studio 15
VisualStudioVersion = 15.0.28010.2036
MinimumVisualStudioVersion = 10.0.40219.1
Project("{2150E333-8FDC-42A3-9474-1A3956D46DE8}") = "frameworks", "frameworks", "{78216799-5394-4591-B454-28D994BADC09}"
EndProject
Project("{2150E333-8FDC-42A3-9474-1A3956D46DE8}") = "tests", "tests", "{A54B3DAC-9040-44D6-896F-50D74D54E336}"
EndProject
Project("{00D1A9C2-B5F0-4AF3-8072-F6C62B433612}") = "ndevdb", "ndevdb\ndevdb.sqlproj", "{FEF4A3AB-1A1B-48A6-A74E-339838BCCCCB}"
EndProject
Project("{00D1A9C2-B5F0-4AF3-8072-F6C62B433612}") = "ndevdb.framework.tsql", "ndevdb.framework.tsql\ndevdb.framework.tsql.sqlproj", "{D37D0962-3DC1-4B5C-95D0-CBF1591AC31F}"
EndProject
Project("{00D1A9C2-B5F0-4AF3-8072-F6C62B433612}") = "ndevdb.tests", "ndevdb.tests\ndevdb.tests.sqlproj", "{7416659B-3F01-4059-B7ED-F59D743C7493}"
EndProject
Global
	GlobalSection(SolutionConfigurationPlatforms) = preSolution
		Debug|Any CPU = Debug|Any CPU
		Release|Any CPU = Release|Any CPU
	EndGlobalSection
	GlobalSection(ProjectConfigurationPlatforms) = postSolution
		{FEF4A3AB-1A1B-48A6-A74E-339838BCCCCB}.Debug|Any CPU.ActiveCfg = Debug|Any CPU
		{FEF4A3AB-1A1B-48A6-A74E-339838BCCCCB}.Debug|Any CPU.Build.0 = Debug|Any CPU
		{FEF4A3AB-1A1B-48A6-A74E-339838BCCCCB}.Debug|Any CPU.Deploy.0 = Debug|Any CPU
		{FEF4A3AB-1A1B-48A6-A74E-339838BCCCCB}.Release|Any CPU.ActiveCfg = Release|Any CPU
		{FEF4A3AB-1A1B-48A6-A74E-339838BCCCCB}.Release|Any CPU.Build.0 = Release|Any CPU
		{FEF4A3AB-1A1B-48A6-A74E-339838BCCCCB}.Release|Any CPU.Deploy.0 = Release|Any CPU
		{D37D0962-3DC1-4B5C-95D0-CBF1591AC31F}.Debug|Any CPU.ActiveCfg = Debug|Any CPU
		{D37D0962-3DC1-4B5C-95D0-CBF1591AC31F}.Debug|Any CPU.Build.0 = Debug|Any CPU
		{D37D0962-3DC1-4B5C-95D0-CBF1591AC31F}.Debug|Any CPU.Deploy.0 = Debug|Any CPU
		{D37D0962-3DC1-4B5C-95D0-CBF1591AC31F}.Release|Any CPU.ActiveCfg = Release|Any CPU
		{D37D0962-3DC1-4B5C-95D0-CBF1591AC31F}.Release|Any CPU.Build.0 = Release|Any CPU
		{D37D0962-3DC1-4B5C-95D0-CBF1591AC31F}.Release|Any CPU.Deploy.0 = Release|Any CPU
		{7416659B-3F01-4059-B7ED-F59D743C7493}.Debug|Any CPU.ActiveCfg = Debug|Any CPU
		{7416659B-3F01-4059-B7ED-F59D743C7493}.Debug|Any CPU.Build.0 = Debug|Any CPU
		{7416659B-3F01-4059-B7ED-F59D743C7493}.Debug|Any CPU.Deploy.0 = Debug|Any CPU
		{7416659B-3F01-4059-B7ED-F59D743C7493}.Release|Any CPU.ActiveCfg = Release|Any CPU
		{7416659B-3F01-4059-B7ED-F59D743C7493}.Release|Any CPU.Build.0 = Release|Any CPU
		{7416659B-3F01-4059-B7ED-F59D743C7493}.Release|Any CPU.Deploy.0 = Release|Any CPU
	EndGlobalSection
	GlobalSection(SolutionProperties) = preSolution
		HideSolutionNode = FALSE
	EndGlobalSection
	GlobalSection(NestedProjects) = preSolution
		{D37D0962-3DC1-4B5C-95D0-CBF1591AC31F} = {78216799-5394-4591-B454-28D994BADC09}
		{7416659B-3F01-4059-B7ED-F59D743C7493} = {A54B3DAC-9040-44D6-896F-50D74D54E336}
	EndGlobalSection
	GlobalSection(ExtensibilityGlobals) = postSolution
		SolutionGuid = {8ACE1103-71A5-4BFB-8726-EB59DDEB429F}
	EndGlobalSection
EndGlobal
